# This file is automatically @generated by Cargo.
# It is not intended for manual editing.
version = 4

[[package]]
name = "autocfg"
version = "1.5.0"
source = "registry+https://github.com/rust-lang/crates.io-index"
checksum = "c08606f8c3cbf4ce6ec8e28fb0014a2c086708fe954eaa885384a6165172e7e8"

[[package]]
name = "bitflags"
version = "2.11.1"
source = "registry+https://github.com/rust-lang/crates.io-index"
checksum = "c4512299f36f043ab09a583e57bceb5a5aab7a73db1805848e8fef3c9e8c78b3"

[[package]]
name = "block-buffer"
version = "0.12.0"
source = "registry+https://github.com/rust-lang/crates.io-index"
checksum = "cdd35008169921d80bc60d3d0ab416eecb028c4cd653352907921d95084790be"
dependencies = [
 "hybrid-array",
]

[[package]]
name = "cfg-if"
version = "1.0.4"
source = "registry+https://github.com/rust-lang/crates.io-index"
checksum = "9330f8b2ff13f34540b44e946ef35111825727b38d33286ef986142615121801"

[[package]]
name = "const-hex"
version = "1.18.1"
source = "registry+https://github.com/rust-lang/crates.io-index"
checksum = "531185e432bb31db1ecda541e9e7ab21468d4d844ad7505e0546a49b4945d49b"
dependencies = [
 "cfg-if",
 "cpufeatures 0.2.17",
 "proptest",
 "serde_core",
]

[[package]]
name = "const-oid"
version = "0.10.2"
source = "registry+https://github.com/rust-lang/crates.io-index"
checksum = "a6ef517f0926dd24a1582492c791b6a4818a4d94e789a334894aa15b0d12f55c"

[[package]]
name = "cpufeatures"
version = "0.2.17"
source = "registry+https://github.com/rust-lang/crates.io-index"
checksum = "59ed5838eebb26a2bb2e58f6d5b5316989ae9d08bab10e0e6d103e656d1b0280"
dependencies = [
 "libc",
]

[[package]]
name = "cpufeatures"
version = "0.3.0"
source = "registry+https://github.com/rust-lang/crates.io-index"
checksum = "8b2a41393f66f16b0823bb79094d54ac5fbd34ab292ddafb9a0456ac9f87d201"
dependencies = [
 "libc",
]

[[package]]
name = "crypto-common"
version = "0.2.1"
source = "registry+https://github.com/rust-lang/crates.io-index"
checksum = "77727bb15fa921304124b128af125e7e3b968275d1b108b379190264f4423710"
dependencies = [
 "hybrid-array",
]

[[package]]
name = "digest"
version = "0.11.2"
source = "registry+https://github.com/rust-lang/crates.io-index"
checksum = "4850db49bf08e663084f7fb5c87d202ef91a3907271aff24a94eb97ff039153c"
dependencies = [
 "block-buffer",
 "const-oid",
 "crypto-common",
]

[[package]]
name = "getrandom"
version = "0.3.4"
source = "registry+https://github.com/rust-lang/crates.io-index"
checksum = "899def5c37c4fd7b2664648c28120ecec138e4d395b459e5ca34f9cce2dd77fd"
dependencies = [
 "cfg-if",
 "libc",
 "r-efi",
 "wasip2",
]

[[package]]
name = "hex-literal"
version = "1.1.0"
source = "registry+https://github.com/rust-lang/crates.io-index"
checksum = "e712f64ec3850b98572bffac52e2c6f282b29fe6c5fa6d42334b30be438d95c1"

[[package]]
name = "hybrid-array"
version = "0.4.10"
source = "registry+https://github.com/rust-lang/crates.io-index"
checksum = "3944cf8cf766b40e2a1a333ee5e9b563f854d5fa49d6a8ca2764e97c6eddb214"
dependencies = [
 "typenum",
]

[[package]]
name = "keccak"
version = "0.2.0"
source = "registry+https://github.com/rust-lang/crates.io-index"
checksum = "9e24a010dd405bd7ed803e5253182815b41bf2e6a80cc3bfc066658e03a198aa"
dependencies = [
 "cfg-if",
 "cpufeatures 0.3.0",
]

[[package]]
name = "libc"
version = "0.2.185"
source = "registry+https://github.com/rust-lang/crates.io-index"
checksum = "52ff2c0fe9bc6cb6b14a0592c2ff4fa9ceb83eea9db979b0487cd054946a2b8f"

[[package]]
name = "num-traits"
version = "0.2.19"
source = "registry+https://github.com/rust-lang/crates.io-index"
checksum = "071dfc062690e90b734c0b2273ce72ad0ffa95f0c74596bc250dcfd960262841"
dependencies = [
 "autocfg",
]

[[package]]
name = "ppv-lite86"
version = "0.2.21"
source = "registry+https://github.com/rust-lang/crates.io-index"
checksum = "85eae3c4ed2f50dcfe72643da4befc30deadb458a9b590d720cde2f2b1e97da9"
dependencies = [
 "zerocopy",
]

[[package]]
name = "proc-macro2"
version = "1.0.106"
source = "registry+https://github.com/rust-lang/crates.io-index"
checksum = "8fd00f0bb2e90d81d1044c2b32617f68fcb9fa3bb7640c23e9c748e53fb30934"
dependencies = [
 "unicode-ident",
]

[[package]]
name = "proptest"
version = "1.11.0"
source = "registry+https://github.com/rust-lang/crates.io-index"
checksum = "4b45fcc2344c680f5025fe57779faef368840d0bd1f42f216291f0dc4ace4744"
dependencies = [
 "bitflags",
 "num-traits",
 "rand",
 "rand_chacha",
 "rand_xorshift",
 "regex-syntax",
 "unarray",
]

[[package]]
name = "quote"
version = "1.0.45"
source = "registry+https://github.com/rust-lang/crates.io-index"
checksum = "41f2619966050689382d2b44f664f4bc593e129785a36d6ee376ddf37259b924"
dependencies = [
 "proc-macro2",
]

[[package]]
name = "r-efi"
version = "5.3.0"
source = "registry+https://github.com/rust-lang/crates.io-index"
checksum = "69cdb34c158ceb288df11e18b4bd39de994f6657d83847bdffdbd7f346754b0f"

[[package]]
name = "rand"
version = "0.9.4"
source = "registry+https://github.com/rust-lang/crates.io-index"
checksum = "44c5af06bb1b7d3216d91932aed5265164bf384dc89cd6ba05cf59a35f5f76ea"
dependencies = [
 "rand_chacha",
 "rand_core",
]

[[package]]
name = "rand_chacha"
version = "0.9.0"
source = "registry+https://github.com/rust-lang/crates.io-index"
checksum = "d3022b5f1df60f26e1ffddd6c66e8aa15de382ae63b3a0c1bfc0e4d3e3f325cb"
dependencies = [
 "ppv-lite86",
 "rand_core",
]

[[package]]
name = "rand_core"
version = "0.9.5"
source = "registry+https://github.com/rust-lang/crates.io-index"
checksum = "76afc826de14238e6e8c374ddcc1fa19e374fd8dd986b0d2af0d02377261d83c"
dependencies = [
 "getrandom",
]

[[package]]
name = "rand_xorshift"
version = "0.4.0"
source = "registry+https://github.com/rust-lang/crates.io-index"
checksum = "513962919efc330f829edb2535844d1b912b0fbe2ca165d613e4e8788bb05a5a"
dependencies = [
 "rand_core",
]

[[package]]
name = "regex-syntax"
version = "0.8.10"
source = "registry+https://github.com/rust-lang/crates.io-index"
checksum = "dc897dd8d9e8bd1ed8cdad82b5966c3e0ecae09fb1907d58efaa013543185d0a"

[[package]]
name = "serde_core"
version = "1.0.228"
source = "registry+https://github.com/rust-lang/crates.io-index"
checksum = "41d385c7d4ca58e59fc732af25c3983b67ac852c1a25000afe1175de458b67ad"
dependencies = [
 "serde_derive",
]

[[package]]
name = "serde_derive"
version = "1.0.228"
source = "registry+https://github.com/rust-lang/crates.io-index"
checksum = "d540f220d3187173da220f885ab66608367b6574e925011a9353e4badda91d79"
dependencies = [
 "proc-macro2",
 "quote",
 "syn",
]

[[package]]
name = "sha3"
version = "0.11.0"
source = "registry+https://github.com/rust-lang/crates.io-index"
checksum = "be176f1a57ce4e3d31c1a166222d9768de5954f811601fb7ca06fc8203905ce1"
dependencies = [
 "digest",
 "keccak",
]

[[package]]
name = "syn"
version = "2.0.117"
source = "registry+https://github.com/rust-lang/crates.io-index"
checksum = "e665b8803e7b1d2a727f4023456bbbbe74da67099c585258af0ad9c5013b9b99"
dependencies = [
 "proc-macro2",
 "quote",
 "unicode-ident",
]

[[package]]
name = "test-case"
version = "3.3.1"
source = "registry+https://github.com/rust-lang/crates.io-index"
checksum = "eb2550dd13afcd286853192af8601920d959b14c401fcece38071d53bf0768a8"
dependencies = [
 "test-case-macros",
]

[[package]]
name = "test-case-core"
version = "3.3.1"
source = "registry+https://github.com/rust-lang/crates.io-index"
checksum = "adcb7fd841cd518e279be3d5a3eb0636409487998a4aff22f3de87b81e88384f"
dependencies = [
 "cfg-if",
 "proc-macro2",
 "quote",
 "syn",
]

[[package]]
name = "test-case-macros"
version = "3.3.1"
source = "registry+https://github.com/rust-lang/crates.io-index"
checksum = "5c89e72a01ed4c579669add59014b9a524d609c0c88c6a585ce37485879f6ffb"
dependencies = [
 "proc-macro2",
 "quote",
 "syn",
 "test-case-core",
]

[[package]]
name = "typenum"
version = "1.19.0"
source = "registry+https://github.com/rust-lang/crates.io-index"
checksum = "562d481066bde0658276a35467c4af00bdc6ee726305698a55b86e61d7ad82bb"

[[package]]
name = "unarray"
version = "0.1.4"
source = "registry+https://github.com/rust-lang/crates.io-index"
checksum = "eaea85b334db583fe3274d12b4cd1880032beab409c0d774be044d4480ab9a94"

[[package]]
name = "unicode-ident"
version = "1.0.24"
source = "registry+https://github.com/rust-lang/crates.io-index"
checksum = "e6e4313cd5fcd3dad5cafa179702e2b244f760991f45397d14d4ebf38247da75"

[[package]]
name = "wasip2"
version = "1.0.3+wasi-0.2.9"
source = "registry+https://github.com/rust-lang/crates.io-index"
checksum = "20064672db26d7cdc89c7798c48a0fdfac8213434a1186e5ef29fd560ae223d6"
dependencies = [
 "wit-bindgen",
]

[[package]]
name = "wit-bindgen"
version = "0.57.1"
source = "registry+https://github.com/rust-lang/crates.io-index"
checksum = "1ebf944e87a7c253233ad6766e082e3cd714b5d03812acc24c318f549614536e"

[[package]]
name = "zerocopy"
version = "0.8.48"
source = "registry+https://github.com/rust-lang/crates.io-index"
checksum = "eed437bf9d6692032087e337407a86f04cd8d6a16a37199ed57949d415bd68e9"
dependencies = [
 "zerocopy-derive",
]

[[package]]
name = "zerocopy-derive"
version = "0.8.48"
source = "registry+https://github.com/rust-lang/crates.io-index"
checksum = "70e3cd084b1788766f53af483dd21f93881ff30d7320490ec3ef7526d203bad4"
dependencies = [
 "proc-macro2",
 "quote",
 "syn",
]

[[package]]
name = "zkprim"
version = "0.1.0"
dependencies = [
 "const-hex",
 "hex-literal",
 "sha3",
 "test-case",
]
